github.com/cheyuexian/foo v0.1.0 h1:InWfvwj898mdiqt1xbgPjufTC5sXGMiXzm7DeWI19Uw=
github.com/cheyuexian/foo v0.1.0/go.mod h1:hDc00eQqBqBC+PDud4XVrQr5c4P/QrzMb/FDWgTKQ0E=
github.com/cheyuexian/foo v0.2.0 h1:FbgpTtVCThFRbQwCkZQZYGesh0a3IAfekukbRjrvGdc=
github.com/cheyuexian/foo v0.2.0/go.mod h1:hDc00eQqBqBC+PDud4XVrQr5c4P/QrzMb/FDWgTKQ0E=
github.com/cheyuexian/foo v1.1.0 h1:LxJwyKW5NvXrua1ZEeWU/sDkMu85pnAte4I7vp8NV/M=
github.com/cheyuexian/foo v1.1.0/go.mod h1:hDc00eQqBqBC+PDud4XVrQr5c4P/QrzMb/FDWgTKQ0E=
